
Microsoft Visual Studio Solution File, Format Version 12.00
# Visual Studio 14
VisualStudioVersion = 14.0.25420.1
MinimumVisualStudioVersion = 10.0.40219.1
Project("{159641D6-6404-4A2A-AE62-294DE0FE8301}") = "ETLFramework", "ETLFramework\ETLFramework.dtproj", "{C383E4F0-39DB-4DE1-A63E-65D9543A7168}"
EndProject
Global
	GlobalSection(SolutionConfigurationPlatforms) = preSolution
		Development|Default = Development|Default
	EndGlobalSection
	GlobalSection(ProjectConfigurationPlatforms) = postSolution
		{C383E4F0-39DB-4DE1-A63E-65D9543A7168}.Development|Default.ActiveCfg = Development
		{C383E4F0-39DB-4DE1-A63E-65D9543A7168}.Development|Default.Build.0 = Development
	EndGlobalSection
	GlobalSection(SolutionProperties) = preSolution
		HideSolutionNode = FALSE
	EndGlobalSection
EndGlobal
